
Microsoft Visual Studio Solution File, Format Version 12.00
# Visual Studio Version 16
VisualStudioVersion = 16.0.30523.141
MinimumVisualStudioVersion = 10.0.40219.1
Project("{FAE04EC0-301F-11D3-BF4B-00C04F79EFBC}") = "KAI_Task_02", "KAI_Task_02\KAI_Task_02.csproj", "{0E9B370A-FE7D-42D6-BCC8-91E53539034B}"
EndProject
Global
	GlobalSection(SolutionConfigurationPlatforms) = preSolution
		Debug|Any CPU = Debug|Any CPU
		Release|Any CPU = Release|Any CPU
	EndGlobalSection
	GlobalSection(ProjectConfigurationPlatforms) = postSolution
		{0E9B370A-FE7D-42D6-BCC8-91E53539034B}.Debug|Any CPU.ActiveCfg = Debug|Any CPU
		{0E9B370A-FE7D-42D6-BCC8-91E53539034B}.Debug|Any CPU.Build.0 = Debug|Any CPU
		{0E9B370A-FE7D-42D6-BCC8-91E53539034B}.Release|Any CPU.ActiveCfg = Release|Any CPU
		{0E9B370A-FE7D-42D6-BCC8-91E53539034B}.Release|Any CPU.Build.0 = Release|Any CPU
	EndGlobalSection
	GlobalSection(SolutionProperties) = preSolution
		HideSolutionNode = FALSE
	EndGlobalSection
	GlobalSection(ExtensibilityGlobals) = postSolution
		SolutionGuid = {F63484CC-FDFC-475B-B257-C585211BE092}
	EndGlobalSection
EndGlobal
